Microsoft Visual Studio Solution File, Format Version 8.00
Project("{8BC9CEB8-8B4A-11D0-8D11-00A0C91BC942}") = "cl_dll.dll", "cl_dll\cl_dll.vcproj", "{4F2D8BCB-E519-4BD6-9E90-F9BD279A7F81}"
	ProjectSection(ProjectDependencies) = postProject
	EndProjectSection
EndProject
Project("{8BC9CEB8-8B4A-11D0-8D11-00A0C91BC942}") = "ns.dll", "dlls\hl.vcproj", "{FE9B1F1B-866D-4A5A-A303-FAEE34F90025}"
	ProjectSection(ProjectDependencies) = postProject
	EndProjectSection
EndProject
Global
	GlobalSection(SolutionConfiguration) = preSolution
		Developer - debug = Developer - debug
		Developer - release = Developer - release
	EndGlobalSection
	GlobalSection(ProjectConfiguration) = postSolution
		{4F2D8BCB-E519-4BD6-9E90-F9BD279A7F81}.Developer - debug.ActiveCfg = Developer - debug|Win32
		{4F2D8BCB-E519-4BD6-9E90-F9BD279A7F81}.Developer - debug.Build.0 = Developer - debug|Win32
		{4F2D8BCB-E519-4BD6-9E90-F9BD279A7F81}.Developer - release.ActiveCfg = Developer - release|Win32
		{4F2D8BCB-E519-4BD6-9E90-F9BD279A7F81}.Developer - release.Build.0 = Developer - release|Win32
		{FE9B1F1B-866D-4A5A-A303-FAEE34F90025}.Developer - debug.ActiveCfg = Developer - debug|Win32
		{FE9B1F1B-866D-4A5A-A303-FAEE34F90025}.Developer - debug.Build.0 = Developer - debug|Win32
		{FE9B1F1B-866D-4A5A-A303-FAEE34F90025}.Developer - release.ActiveCfg = Developer - release|Win32
		{FE9B1F1B-866D-4A5A-A303-FAEE34F90025}.Developer - release.Build.0 = Developer - release|Win32
	EndGlobalSection
	GlobalSection(SolutionItems) = postSolution
		..\Balance.txt = ..\Balance.txt
	EndGlobalSection
	GlobalSection(ExtensibilityGlobals) = postSolution
	EndGlobalSection
	GlobalSection(ExtensibilityAddIns) = postSolution
	EndGlobalSection
EndGlobal
